{
  "name": "termon",
  "version": "0.9.0-nightly.20251001.163dba7e",
  "lockfileVersion": 3,
  "requires": true,
  "packages": {
    "": {
      "name": "termon",
      "version": "0.9.0-nightly.20251001.163dba7e",
      "license": "Apache-2.0",
      "dependencies": {
        "@termon/cli": "file:packages/cli",
        "@termon/core": "file:packages/core",
        "@termon/a2a-server": "file:packages/a2a-server",
        "@termon/test-utils": "file:packages/test-utils",
        "termon-vscode-ide-companion": "file:packages/vscode-ide-companion"
      }
    },
    "packages/cli": {
      "name": "@termon/cli",
      "version": "0.9.0-nightly.20251001.163dba7e",
      "resolved": "file:packages/cli",
      "link": true
    },
    "packages/core": {
      "name": "@termon/core", 
      "version": "0.9.0-nightly.20251001.163dba7e",
      "resolved": "file:packages/core",
      "link": true
    },
    "packages/a2a-server": {
      "name": "@termon/a2a-server",
      "version": "0.9.0-nightly.20251001.163dba7e", 
      "resolved": "file:packages/a2a-server",
      "link": true
    },
    "packages/test-utils": {
      "name": "@termon/test-utils",
      "version": "0.9.0-nightly.20251001.163dba7e",
      "resolved": "file:packages/test-utils", 
      "link": true
    },
    "packages/vscode-ide-companion": {
      "name": "termon-vscode-ide-companion",
      "version": "0.9.0-nightly.20251001.163dba7e",
      "resolved": "file:packages/vscode-ide-companion",
      "link": true
    }
  }
}
